
Microsoft Visual Studio Solution File, Format Version 12.00
# Visual Studio Version 17
VisualStudioVersion = 17.0.31903.59
MinimumVisualStudioVersion = 10.0.40219.1
Project("{2150E333-8FDC-42A3-9474-1A3956D46DE8}") = "Core", "Core", "{76E1640E-1FCF-4B8E-998C-0188DFDA4D45}"
EndProject
Project("{FAE04EC0-301F-11D3-BF4B-00C04F79EFBC}") = "Domain", "Core\Domain\Domain.csproj", "{27E34CDA-7AEB-4A1A-BE78-1A930C83B607}"
EndProject
Project("{FAE04EC0-301F-11D3-BF4B-00C04F79EFBC}") = "Application", "Core\Application\Application.csproj", "{049BD1D8-1BE6-4AC0-A3B5-47C34FD8C47D}"
EndProject
Project("{2150E333-8FDC-42A3-9474-1A3956D46DE8}") = "Infrastructure", "Infrastructure", "{B0F001FC-B781-4BBC-86DE-0544DCB03BFD}"
EndProject
Project("{FAE04EC0-301F-11D3-BF4B-00C04F79EFBC}") = "Infrastructure", "Infrastructure\Infrastructure\Infrastructure.csproj", "{1FA96BCF-4D94-4BEC-987C-D2A7C5934286}"
EndProject
Project("{FAE04EC0-301F-11D3-BF4B-00C04F79EFBC}") = "Persistence", "Infrastructure\Persistence\Persistence.csproj", "{B00CAA84-A60F-4A3F-8341-7FC7DF0EFB93}"
EndProject
Project("{2150E333-8FDC-42A3-9474-1A3956D46DE8}") = "API", "API", "{3746853C-0F77-40A4-AF07-571F85EC7E44}"
EndProject
Project("{FAE04EC0-301F-11D3-BF4B-00C04F79EFBC}") = "API", "API\API\API.csproj", "{BD5915BD-50D4-4915-915F-8BA888474AD7}"
EndProject
Project("{2150E333-8FDC-42A3-9474-1A3956D46DE8}") = "UI", "UI", "{7F7DFCBC-FE5C-401C-9F2E-A9340A5CA6BA}"
EndProject
Project("{FAE04EC0-301F-11D3-BF4B-00C04F79EFBC}") = "Web", "UI\Web\Web.csproj", "{66854233-3233-4AA3-BC3C-37E6658C0409}"
EndProject
Project("{FAE04EC0-301F-11D3-BF4B-00C04F79EFBC}") = "APIClient", "API\APIClient\APIClient.csproj", "{8EE9D3EE-EB96-4986-B13B-7D7D0DEAEF9D}"
EndProject
Global
	GlobalSection(SolutionProperties) = preSolution
		HideSolutionNode = FALSE
	EndGlobalSection
	GlobalSection(SolutionConfigurationPlatforms) = preSolution
		Debug|Any CPU = Debug|Any CPU
		Debug|x64 = Debug|x64
		Debug|x86 = Debug|x86
		Release|Any CPU = Release|Any CPU
		Release|x64 = Release|x64
		Release|x86 = Release|x86
	EndGlobalSection
	GlobalSection(ProjectConfigurationPlatforms) = postSolution
		{27E34CDA-7AEB-4A1A-BE78-1A930C83B607}.Debug|Any CPU.ActiveCfg = Debug|Any CPU
		{27E34CDA-7AEB-4A1A-BE78-1A930C83B607}.Debug|Any CPU.Build.0 = Debug|Any CPU
		{27E34CDA-7AEB-4A1A-BE78-1A930C83B607}.Debug|x64.ActiveCfg = Debug|Any CPU
		{27E34CDA-7AEB-4A1A-BE78-1A930C83B607}.Debug|x64.Build.0 = Debug|Any CPU
		{27E34CDA-7AEB-4A1A-BE78-1A930C83B607}.Debug|x86.ActiveCfg = Debug|Any CPU
		{27E34CDA-7AEB-4A1A-BE78-1A930C83B607}.Debug|x86.Build.0 = Debug|Any CPU
		{27E34CDA-7AEB-4A1A-BE78-1A930C83B607}.Release|Any CPU.ActiveCfg = Release|Any CPU
		{27E34CDA-7AEB-4A1A-BE78-1A930C83B607}.Release|Any CPU.Build.0 = Release|Any CPU
		{27E34CDA-7AEB-4A1A-BE78-1A930C83B607}.Release|x64.ActiveCfg = Release|Any CPU
		{27E34CDA-7AEB-4A1A-BE78-1A930C83B607}.Release|x64.Build.0 = Release|Any CPU
		{27E34CDA-7AEB-4A1A-BE78-1A930C83B607}.Release|x86.ActiveCfg = Release|Any CPU
		{27E34CDA-7AEB-4A1A-BE78-1A930C83B607}.Release|x86.Build.0 = Release|Any CPU
		{049BD1D8-1BE6-4AC0-A3B5-47C34FD8C47D}.Debug|Any CPU.ActiveCfg = Debug|Any CPU
		{049BD1D8-1BE6-4AC0-A3B5-47C34FD8C47D}.Debug|Any CPU.Build.0 = Debug|Any CPU
		{049BD1D8-1BE6-4AC0-A3B5-47C34FD8C47D}.Debug|x64.ActiveCfg = Debug|Any CPU
		{049BD1D8-1BE6-4AC0-A3B5-47C34FD8C47D}.Debug|x64.Build.0 = Debug|Any CPU
		{049BD1D8-1BE6-4AC0-A3B5-47C34FD8C47D}.Debug|x86.ActiveCfg = Debug|Any CPU
		{049BD1D8-1BE6-4AC0-A3B5-47C34FD8C47D}.Debug|x86.Build.0 = Debug|Any CPU
		{049BD1D8-1BE6-4AC0-A3B5-47C34FD8C47D}.Release|Any CPU.ActiveCfg = Release|Any CPU
		{049BD1D8-1BE6-4AC0-A3B5-47C34FD8C47D}.Release|Any CPU.Build.0 = Release|Any CPU
		{049BD1D8-1BE6-4AC0-A3B5-47C34FD8C47D}.Release|x64.ActiveCfg = Release|Any CPU
		{049BD1D8-1BE6-4AC0-A3B5-47C34FD8C47D}.Release|x64.Build.0 = Release|Any CPU
		{049BD1D8-1BE6-4AC0-A3B5-47C34FD8C47D}.Release|x86.ActiveCfg = Release|Any CPU
		{049BD1D8-1BE6-4AC0-A3B5-47C34FD8C47D}.Release|x86.Build.0 = Release|Any CPU
		{1FA96BCF-4D94-4BEC-987C-D2A7C5934286}.Debug|Any CPU.ActiveCfg = Debug|Any CPU
		{1FA96BCF-4D94-4BEC-987C-D2A7C5934286}.Debug|Any CPU.Build.0 = Debug|Any CPU
		{1FA96BCF-4D94-4BEC-987C-D2A7C5934286}.Debug|x64.ActiveCfg = Debug|Any CPU
		{1FA96BCF-4D94-4BEC-987C-D2A7C5934286}.Debug|x64.Build.0 = Debug|Any CPU
		{1FA96BCF-4D94-4BEC-987C-D2A7C5934286}.Debug|x86.ActiveCfg = Debug|Any CPU
		{1FA96BCF-4D94-4BEC-987C-D2A7C5934286}.Debug|x86.Build.0 = Debug|Any CPU
		{1FA96BCF-4D94-4BEC-987C-D2A7C5934286}.Release|Any CPU.ActiveCfg = Release|Any CPU
		{1FA96BCF-4D94-4BEC-987C-D2A7C5934286}.Release|Any CPU.Build.0 = Release|Any CPU
		{1FA96BCF-4D94-4BEC-987C-D2A7C5934286}.Release|x64.ActiveCfg = Release|Any CPU
		{1FA96BCF-4D94-4BEC-987C-D2A7C5934286}.Release|x64.Build.0 = Release|Any CPU
		{1FA96BCF-4D94-4BEC-987C-D2A7C5934286}.Release|x86.ActiveCfg = Release|Any CPU
		{1FA96BCF-4D94-4BEC-987C-D2A7C5934286}.Release|x86.Build.0 = Release|Any CPU
		{B00CAA84-A60F-4A3F-8341-7FC7DF0EFB93}.Debug|Any CPU.ActiveCfg = Debug|Any CPU
		{B00CAA84-A60F-4A3F-8341-7FC7DF0EFB93}.Debug|Any CPU.Build.0 = Debug|Any CPU
		{B00CAA84-A60F-4A3F-8341-7FC7DF0EFB93}.Debug|x64.ActiveCfg = Debug|Any CPU
		{B00CAA84-A60F-4A3F-8341-7FC7DF0EFB93}.Debug|x64.Build.0 = Debug|Any CPU
		{B00CAA84-A60F-4A3F-8341-7FC7DF0EFB93}.Debug|x86.ActiveCfg = Debug|Any CPU
		{B00CAA84-A60F-4A3F-8341-7FC7DF0EFB93}.Debug|x86.Build.0 = Debug|Any CPU
		{B00CAA84-A60F-4A3F-8341-7FC7DF0EFB93}.Release|Any CPU.ActiveCfg = Release|Any CPU
		{B00CAA84-A60F-4A3F-8341-7FC7DF0EFB93}.Release|Any CPU.Build.0 = Release|Any CPU
		{B00CAA84-A60F-4A3F-8341-7FC7DF0EFB93}.Release|x64.ActiveCfg = Release|Any CPU
		{B00CAA84-A60F-4A3F-8341-7FC7DF0EFB93}.Release|x64.Build.0 = Release|Any CPU
		{B00CAA84-A60F-4A3F-8341-7FC7DF0EFB93}.Release|x86.ActiveCfg = Release|Any CPU
		{B00CAA84-A60F-4A3F-8341-7FC7DF0EFB93}.Release|x86.Build.0 = Release|Any CPU
		{BD5915BD-50D4-4915-915F-8BA888474AD7}.Debug|Any CPU.ActiveCfg = Debug|Any CPU
		{BD5915BD-50D4-4915-915F-8BA888474AD7}.Debug|Any CPU.Build.0 = Debug|Any CPU
		{BD5915BD-50D4-4915-915F-8BA888474AD7}.Debug|x64.ActiveCfg = Debug|Any CPU
		{BD5915BD-50D4-4915-915F-8BA888474AD7}.Debug|x64.Build.0 = Debug|Any CPU
		{BD5915BD-50D4-4915-915F-8BA888474AD7}.Debug|x86.ActiveCfg = Debug|Any CPU
		{BD5915BD-50D4-4915-915F-8BA888474AD7}.Debug|x86.Build.0 = Debug|Any CPU
		{BD5915BD-50D4-4915-915F-8BA888474AD7}.Release|Any CPU.ActiveCfg = Release|Any CPU
		{BD5915BD-50D4-4915-915F-8BA888474AD7}.Release|Any CPU.Build.0 = Release|Any CPU
		{BD5915BD-50D4-4915-915F-8BA888474AD7}.Release|x64.ActiveCfg = Release|Any CPU
		{BD5915BD-50D4-4915-915F-8BA888474AD7}.Release|x64.Build.0 = Release|Any CPU
		{BD5915BD-50D4-4915-915F-8BA888474AD7}.Release|x86.ActiveCfg = Release|Any CPU
		{BD5915BD-50D4-4915-915F-8BA888474AD7}.Release|x86.Build.0 = Release|Any CPU
		{66854233-3233-4AA3-BC3C-37E6658C0409}.Debug|Any CPU.ActiveCfg = Debug|Any CPU
		{66854233-3233-4AA3-BC3C-37E6658C0409}.Debug|Any CPU.Build.0 = Debug|Any CPU
		{66854233-3233-4AA3-BC3C-37E6658C0409}.Debug|x64.ActiveCfg = Debug|Any CPU
		{66854233-3233-4AA3-BC3C-37E6658C0409}.Debug|x64.Build.0 = Debug|Any CPU
		{66854233-3233-4AA3-BC3C-37E6658C0409}.Debug|x86.ActiveCfg = Debug|Any CPU
		{66854233-3233-4AA3-BC3C-37E6658C0409}.Debug|x86.Build.0 = Debug|Any CPU
		{66854233-3233-4AA3-BC3C-37E6658C0409}.Release|Any CPU.ActiveCfg = Release|Any CPU
		{66854233-3233-4AA3-BC3C-37E6658C0409}.Release|Any CPU.Build.0 = Release|Any CPU
		{66854233-3233-4AA3-BC3C-37E6658C0409}.Release|x64.ActiveCfg = Release|Any CPU
		{66854233-3233-4AA3-BC3C-37E6658C0409}.Release|x64.Build.0 = Release|Any CPU
		{66854233-3233-4AA3-BC3C-37E6658C0409}.Release|x86.ActiveCfg = Release|Any CPU
		{66854233-3233-4AA3-BC3C-37E6658C0409}.Release|x86.Build.0 = Release|Any CPU
		{8EE9D3EE-EB96-4986-B13B-7D7D0DEAEF9D}.Debug|Any CPU.ActiveCfg = Debug|Any CPU
		{8EE9D3EE-EB96-4986-B13B-7D7D0DEAEF9D}.Debug|Any CPU.Build.0 = Debug|Any CPU
		{8EE9D3EE-EB96-4986-B13B-7D7D0DEAEF9D}.Debug|x64.ActiveCfg = Debug|Any CPU
		{8EE9D3EE-EB96-4986-B13B-7D7D0DEAEF9D}.Debug|x64.Build.0 = Debug|Any CPU
		{8EE9D3EE-EB96-4986-B13B-7D7D0DEAEF9D}.Debug|x86.ActiveCfg = Debug|Any CPU
		{8EE9D3EE-EB96-4986-B13B-7D7D0DEAEF9D}.Debug|x86.Build.0 = Debug|Any CPU
		{8EE9D3EE-EB96-4986-B13B-7D7D0DEAEF9D}.Release|Any CPU.ActiveCfg = Release|Any CPU
		{8EE9D3EE-EB96-4986-B13B-7D7D0DEAEF9D}.Release|Any CPU.Build.0 = Release|Any CPU
		{8EE9D3EE-EB96-4986-B13B-7D7D0DEAEF9D}.Release|x64.ActiveCfg = Release|Any CPU
		{8EE9D3EE-EB96-4986-B13B-7D7D0DEAEF9D}.Release|x64.Build.0 = Release|Any CPU
		{8EE9D3EE-EB96-4986-B13B-7D7D0DEAEF9D}.Release|x86.ActiveCfg = Release|Any CPU
		{8EE9D3EE-EB96-4986-B13B-7D7D0DEAEF9D}.Release|x86.Build.0 = Release|Any CPU
	EndGlobalSection
	GlobalSection(NestedProjects) = preSolution
		{27E34CDA-7AEB-4A1A-BE78-1A930C83B607} = {76E1640E-1FCF-4B8E-998C-0188DFDA4D45}
		{049BD1D8-1BE6-4AC0-A3B5-47C34FD8C47D} = {76E1640E-1FCF-4B8E-998C-0188DFDA4D45}
		{1FA96BCF-4D94-4BEC-987C-D2A7C5934286} = {B0F001FC-B781-4BBC-86DE-0544DCB03BFD}
		{B00CAA84-A60F-4A3F-8341-7FC7DF0EFB93} = {B0F001FC-B781-4BBC-86DE-0544DCB03BFD}
		{BD5915BD-50D4-4915-915F-8BA888474AD7} = {3746853C-0F77-40A4-AF07-571F85EC7E44}
		{66854233-3233-4AA3-BC3C-37E6658C0409} = {7F7DFCBC-FE5C-401C-9F2E-A9340A5CA6BA}
		{8EE9D3EE-EB96-4986-B13B-7D7D0DEAEF9D} = {3746853C-0F77-40A4-AF07-571F85EC7E44}
	EndGlobalSection
EndGlobal
